<?xml version="1.0" encoding="utf-8"?>
<Project xmlns="http://schemas.microsoft.com/developer/msbuild/2003" ToolsVersion="4.0">
  <ItemGroup>
    <Filter Include="源文件">
      <UniqueIdentifier>{4FC737F1-C7A5-4376-A066-2A32D752A2FF}</UniqueIdentifier>
      <Extensions>cpp;c;cc;cxx;def;odl;idl;hpj;bat;asm;asmx</Extensions>
    </Filter>
    <Filter Include="头文件">
      <UniqueIdentifier>{93995380-89BD-4b04-88EB-625FBE52EBFB}</UniqueIdentifier>
      <Extensions>h;hh;hpp;hxx;hm;inl;inc;ipp;xsd</Extensions>
    </Filter>
    <Filter Include="资源文件">
      <UniqueIdentifier>{67DA6AB6-F800-4c08-8B7A-83BB121AAD01}</UniqueIdentifier>
      <Extensions>rc;ico;cur;bmp;dlg;rc2;rct;bin;rgs;gif;jpg;jpeg;jpe;resx;tiff;tif;png;wav;mfcribbon-ms</Extensions>
    </Filter>
    <Filter Include="源文件\nasm-2.14">
      <UniqueIdentifier>{2a56f332-599f-451f-91ac-4f6fcc669e81}</UniqueIdentifier>
    </Filter>
    <Filter Include="源文件\nasm-2.14\stdlib">
      <UniqueIdentifier>{b353ed2e-ed43-4b3d-ae5e-600b9002ea56}</UniqueIdentifier>
    </Filter>
    <Filter Include="源文件\nasm-2.14\nasmlib">
      <UniqueIdentifier>{1821c8c0-f8f4-4198-a8fd-bce69fef978c}</UniqueIdentifier>
    </Filter>
    <Filter Include="源文件\nasm-2.14\common">
      <UniqueIdentifier>{91e58f0e-72ab-403a-9ae0-86906c1e134d}</UniqueIdentifier>
    </Filter>
    <Filter Include="源文件\nasm-2.14\x86">
      <UniqueIdentifier>{2f321d6e-f34a-40ab-a63b-acc2cb795d49}</UniqueIdentifier>
    </Filter>
    <Filter Include="源文件\nasm-2.14\asm">
      <UniqueIdentifier>{60b24e88-1e4a-4ff2-ba11-3aa4005e1b0f}</UniqueIdentifier>
    </Filter>
    <Filter Include="源文件\nasm-2.14\macros">
      <UniqueIdentifier>{4536c685-cd89-4e5c-92fb-17ec359f01ec}</UniqueIdentifier>
    </Filter>
    <Filter Include="源文件\nasm-2.14\output">
      <UniqueIdentifier>{ffdd979b-f1aa-4819-9fcc-55ff160f1187}</UniqueIdentifier>
    </Filter>
    <Filter Include="源文件\nasm-2.14\disasm">
      <UniqueIdentifier>{730fe131-08e1-49e1-b430-c72428846b5f}</UniqueIdentifier>
    </Filter>
  </ItemGroup>
  <ItemGroup>
    <ClCompile Include="..\nasm-2.14\stdlib\snprintf.c">
      <Filter>源文件\nasm-2.14\stdlib</Filter>
    </ClCompile>
    <ClCompile Include="..\nasm-2.14\stdlib\vsnprintf.c">
      <Filter>源文件\nasm-2.14\stdlib</Filter>
    </ClCompile>
    <ClCompile Include="..\nasm-2.14\stdlib\strlcpy.c">
      <Filter>源文件\nasm-2.14\stdlib</Filter>
    </ClCompile>
    <ClCompile Include="..\nasm-2.14\stdlib\strnlen.c">
      <Filter>源文件\nasm-2.14\stdlib</Filter>
    </ClCompile>
    <ClCompile Include="..\nasm-2.14\stdlib\strrchrnul.c">
      <Filter>源文件\nasm-2.14\stdlib</Filter>
    </ClCompile>
    <ClCompile Include="..\nasm-2.14\nasmlib\ver.c">
      <Filter>源文件\nasm-2.14\nasmlib</Filter>
    </ClCompile>
    <ClCompile Include="..\nasm-2.14\nasmlib\crc64.c">
      <Filter>源文件\nasm-2.14\nasmlib</Filter>
    </ClCompile>
    <ClCompile Include="..\nasm-2.14\nasmlib\malloc.c">
      <Filter>源文件\nasm-2.14\nasmlib</Filter>
    </ClCompile>
    <ClCompile Include="..\nasm-2.14\nasmlib\md5c.c">
      <Filter>源文件\nasm-2.14\nasmlib</Filter>
    </ClCompile>
    <ClCompile Include="..\nasm-2.14\nasmlib\string.c">
      <Filter>源文件\nasm-2.14\nasmlib</Filter>
    </ClCompile>
    <ClCompile Include="..\nasm-2.14\nasmlib\file.c">
      <Filter>源文件\nasm-2.14\nasmlib</Filter>
    </ClCompile>
    <ClCompile Include="..\nasm-2.14\nasmlib\mmap.c">
      <Filter>源文件\nasm-2.14\nasmlib</Filter>
    </ClCompile>
    <ClCompile Include="..\nasm-2.14\nasmlib\ilog2.c">
      <Filter>源文件\nasm-2.14\nasmlib</Filter>
    </ClCompile>
    <ClCompile Include="..\nasm-2.14\nasmlib\realpath.c">
      <Filter>源文件\nasm-2.14\nasmlib</Filter>
    </ClCompile>
    <ClCompile Include="..\nasm-2.14\nasmlib\path.c">
      <Filter>源文件\nasm-2.14\nasmlib</Filter>
    </ClCompile>
    <ClCompile Include="..\nasm-2.14\nasmlib\filename.c">
      <Filter>源文件\nasm-2.14\nasmlib</Filter>
    </ClCompile>
    <ClCompile Include="..\nasm-2.14\nasmlib\srcfile.c">
      <Filter>源文件\nasm-2.14\nasmlib</Filter>
    </ClCompile>
    <ClCompile Include="..\nasm-2.14\nasmlib\zerobuf.c">
      <Filter>源文件\nasm-2.14\nasmlib</Filter>
    </ClCompile>
    <ClCompile Include="..\nasm-2.14\nasmlib\readnum.c">
      <Filter>源文件\nasm-2.14\nasmlib</Filter>
    </ClCompile>
    <ClCompile Include="..\nasm-2.14\nasmlib\bsi.c">
      <Filter>源文件\nasm-2.14\nasmlib</Filter>
    </ClCompile>
    <ClCompile Include="..\nasm-2.14\nasmlib\rbtree.c">
      <Filter>源文件\nasm-2.14\nasmlib</Filter>
    </ClCompile>
    <ClCompile Include="..\nasm-2.14\nasmlib\hashtbl.c">
      <Filter>源文件\nasm-2.14\nasmlib</Filter>
    </ClCompile>
    <ClCompile Include="..\nasm-2.14\nasmlib\raa.c">
      <Filter>源文件\nasm-2.14\nasmlib</Filter>
    </ClCompile>
    <ClCompile Include="..\nasm-2.14\nasmlib\saa.c">
      <Filter>源文件\nasm-2.14\nasmlib</Filter>
    </ClCompile>
    <ClCompile Include="..\nasm-2.14\nasmlib\strlist.c">
      <Filter>源文件\nasm-2.14\nasmlib</Filter>
    </ClCompile>
    <ClCompile Include="..\nasm-2.14\nasmlib\perfhash.c">
      <Filter>源文件\nasm-2.14\nasmlib</Filter>
    </ClCompile>
    <ClCompile Include="..\nasm-2.14\nasmlib\badenum.c">
      <Filter>源文件\nasm-2.14\nasmlib</Filter>
    </ClCompile>
    <ClCompile Include="..\nasm-2.14\common\common.c">
      <Filter>源文件\nasm-2.14\common</Filter>
    </ClCompile>
    <ClCompile Include="..\nasm-2.14\x86\insnsa.c">
      <Filter>源文件\nasm-2.14\x86</Filter>
    </ClCompile>
    <ClCompile Include="..\nasm-2.14\x86\insnsb.c">
      <Filter>源文件\nasm-2.14\x86</Filter>
    </ClCompile>
    <ClCompile Include="..\nasm-2.14\x86\insnsd.c">
      <Filter>源文件\nasm-2.14\x86</Filter>
    </ClCompile>
    <ClCompile Include="..\nasm-2.14\x86\insnsn.c">
      <Filter>源文件\nasm-2.14\x86</Filter>
    </ClCompile>
    <ClCompile Include="..\nasm-2.14\x86\regs.c">
      <Filter>源文件\nasm-2.14\x86</Filter>
    </ClCompile>
    <ClCompile Include="..\nasm-2.14\x86\regvals.c">
      <Filter>源文件\nasm-2.14\x86</Filter>
    </ClCompile>
    <ClCompile Include="..\nasm-2.14\x86\regflags.c">
      <Filter>源文件\nasm-2.14\x86</Filter>
    </ClCompile>
    <ClCompile Include="..\nasm-2.14\x86\regdis.c">
      <Filter>源文件\nasm-2.14\x86</Filter>
    </ClCompile>
    <ClCompile Include="..\nasm-2.14\x86\disp8.c">
      <Filter>源文件\nasm-2.14\x86</Filter>
    </ClCompile>
    <ClCompile Include="..\nasm-2.14\x86\iflag.c">
      <Filter>源文件\nasm-2.14\x86</Filter>
    </ClCompile>
    <ClCompile Include="..\nasm-2.14\asm\error.c">
      <Filter>源文件\nasm-2.14\asm</Filter>
    </ClCompile>
    <ClCompile Include="..\nasm-2.14\asm\float.c">
      <Filter>源文件\nasm-2.14\asm</Filter>
    </ClCompile>
    <ClCompile Include="..\nasm-2.14\asm\directiv.c">
      <Filter>源文件\nasm-2.14\asm</Filter>
    </ClCompile>
    <ClCompile Include="..\nasm-2.14\asm\directbl.c">
      <Filter>源文件\nasm-2.14\asm</Filter>
    </ClCompile>
    <ClCompile Include="..\nasm-2.14\asm\pragma.c">
      <Filter>源文件\nasm-2.14\asm</Filter>
    </ClCompile>
    <ClCompile Include="..\nasm-2.14\asm\assemble.c">
      <Filter>源文件\nasm-2.14\asm</Filter>
    </ClCompile>
    <ClCompile Include="..\nasm-2.14\asm\labels.c">
      <Filter>源文件\nasm-2.14\asm</Filter>
    </ClCompile>
    <ClCompile Include="..\nasm-2.14\asm\parser.c">
      <Filter>源文件\nasm-2.14\asm</Filter>
    </ClCompile>
    <ClCompile Include="..\nasm-2.14\asm\preproc.c">
      <Filter>源文件\nasm-2.14\asm</Filter>
    </ClCompile>
    <ClCompile Include="..\nasm-2.14\asm\quote.c">
      <Filter>源文件\nasm-2.14\asm</Filter>
    </ClCompile>
    <ClCompile Include="..\nasm-2.14\asm\pptok.c">
      <Filter>源文件\nasm-2.14\asm</Filter>
    </ClCompile>
    <ClCompile Include="..\nasm-2.14\asm\listing.c">
      <Filter>源文件\nasm-2.14\asm</Filter>
    </ClCompile>
    <ClCompile Include="..\nasm-2.14\asm\eval.c">
      <Filter>源文件\nasm-2.14\asm</Filter>
    </ClCompile>
    <ClCompile Include="..\nasm-2.14\asm\exprlib.c">
      <Filter>源文件\nasm-2.14\asm</Filter>
    </ClCompile>
    <ClCompile Include="..\nasm-2.14\asm\exprdump.c">
      <Filter>源文件\nasm-2.14\asm</Filter>
    </ClCompile>
    <ClCompile Include="..\nasm-2.14\asm\stdscan.c">
      <Filter>源文件\nasm-2.14\asm</Filter>
    </ClCompile>
    <ClCompile Include="..\nasm-2.14\asm\strfunc.c">
      <Filter>源文件\nasm-2.14\asm</Filter>
    </ClCompile>
    <ClCompile Include="..\nasm-2.14\asm\tokhash.c">
      <Filter>源文件\nasm-2.14\asm</Filter>
    </ClCompile>
    <ClCompile Include="..\nasm-2.14\asm\segalloc.c">
      <Filter>源文件\nasm-2.14\asm</Filter>
    </ClCompile>
    <ClCompile Include="..\nasm-2.14\asm\preproc-nop.c">
      <Filter>源文件\nasm-2.14\asm</Filter>
    </ClCompile>
    <ClCompile Include="..\nasm-2.14\asm\rdstrnum.c">
      <Filter>源文件\nasm-2.14\asm</Filter>
    </ClCompile>
    <ClCompile Include="..\nasm-2.14\macros\macros.c">
      <Filter>源文件\nasm-2.14\macros</Filter>
    </ClCompile>
    <ClCompile Include="..\nasm-2.14\output\outform.c">
      <Filter>源文件\nasm-2.14\output</Filter>
    </ClCompile>
    <ClCompile Include="..\nasm-2.14\output\outlib.c">
      <Filter>源文件\nasm-2.14\output</Filter>
    </ClCompile>
    <ClCompile Include="..\nasm-2.14\output\legacy.c">
      <Filter>源文件\nasm-2.14\output</Filter>
    </ClCompile>
    <ClCompile Include="..\nasm-2.14\output\strtbl.c">
      <Filter>源文件\nasm-2.14\output</Filter>
    </ClCompile>
    <ClCompile Include="..\nasm-2.14\output\nulldbg.c">
      <Filter>源文件\nasm-2.14\output</Filter>
    </ClCompile>
    <ClCompile Include="..\nasm-2.14\output\nullout.c">
      <Filter>源文件\nasm-2.14\output</Filter>
    </ClCompile>
    <ClCompile Include="..\nasm-2.14\output\outbin.c">
      <Filter>源文件\nasm-2.14\output</Filter>
    </ClCompile>
    <ClCompile Include="..\nasm-2.14\output\outaout.c">
      <Filter>源文件\nasm-2.14\output</Filter>
    </ClCompile>
    <ClCompile Include="..\nasm-2.14\output\outcoff.c">
      <Filter>源文件\nasm-2.14\output</Filter>
    </ClCompile>
    <ClCompile Include="..\nasm-2.14\output\outelf.c">
      <Filter>源文件\nasm-2.14\output</Filter>
    </ClCompile>
    <ClCompile Include="..\nasm-2.14\output\outobj.c">
      <Filter>源文件\nasm-2.14\output</Filter>
    </ClCompile>
    <ClCompile Include="..\nasm-2.14\output\outas86.c">
      <Filter>源文件\nasm-2.14\output</Filter>
    </ClCompile>
    <ClCompile Include="..\nasm-2.14\output\outrdf2.c">
      <Filter>源文件\nasm-2.14\output</Filter>
    </ClCompile>
    <ClCompile Include="..\nasm-2.14\output\outdbg.c">
      <Filter>源文件\nasm-2.14\output</Filter>
    </ClCompile>
    <ClCompile Include="..\nasm-2.14\output\outieee.c">
      <Filter>源文件\nasm-2.14\output</Filter>
    </ClCompile>
    <ClCompile Include="..\nasm-2.14\output\outmacho.c">
      <Filter>源文件\nasm-2.14\output</Filter>
    </ClCompile>
    <ClCompile Include="..\nasm-2.14\output\codeview.c">
      <Filter>源文件\nasm-2.14\output</Filter>
    </ClCompile>
    <ClCompile Include="..\nasm-2.14\disasm\disasm.c">
      <Filter>源文件\nasm-2.14\disasm</Filter>
    </ClCompile>
    <ClCompile Include="..\nasm-2.14\disasm\sync.c">
      <Filter>源文件\nasm-2.14\disasm</Filter>
    </ClCompile>
  </ItemGroup>
</Project>