<?xml version="1.0" encoding="utf-8"?>
<Project ToolsVersion="4.0" xmlns="http://schemas.microsoft.com/developer/msbuild/2003">
  <ItemGroup>
    <Filter Include="源文件">
      <UniqueIdentifier>{4FC737F1-C7A5-4376-A066-2A32D752A2FF}</UniqueIdentifier>
      <Extensions>cpp;c;cc;cxx;def;odl;idl;hpj;bat;asm;asmx</Extensions>
    </Filter>
    <Filter Include="头文件">
      <UniqueIdentifier>{93995380-89BD-4b04-88EB-625FBE52EBFB}</UniqueIdentifier>
      <Extensions>h;hh;hpp;hxx;hm;inl;inc;ipp;xsd</Extensions>
    </Filter>
    <Filter Include="资源文件">
      <UniqueIdentifier>{67DA6AB6-F800-4c08-8B7A-83BB121AAD01}</UniqueIdentifier>
      <Extensions>rc;ico;cur;bmp;dlg;rc2;rct;bin;rgs;gif;jpg;jpeg;jpe;resx;tiff;tif;png;wav;mfcribbon-ms</Extensions>
    </Filter>
    <Filter Include="源文件\nasm-2.14">
      <UniqueIdentifier>{836e33a6-9fa7-4daf-9a82-90ae1167595b}</UniqueIdentifier>
    </Filter>
    <Filter Include="源文件\nasm-2.14\rdoff">
      <UniqueIdentifier>{ade99de7-c803-48f8-b340-ff3bbbe8d2cb}</UniqueIdentifier>
    </Filter>
  </ItemGroup>
  <ItemGroup>
    <ClInclude Include="..\nasm-2.14\rdoff\collectn.h">
      <Filter>源文件\nasm-2.14\rdoff</Filter>
    </ClInclude>
  </ItemGroup>
  <ItemGroup>
    <ClCompile Include="..\nasm-2.14\rdoff\hash.c">
      <Filter>源文件\nasm-2.14\rdoff</Filter>
    </ClCompile>
    <ClCompile Include="..\nasm-2.14\rdoff\rdfload.c">
      <Filter>源文件\nasm-2.14\rdoff</Filter>
    </ClCompile>
    <ClCompile Include="..\nasm-2.14\rdoff\rdlib.c">
      <Filter>源文件\nasm-2.14\rdoff</Filter>
    </ClCompile>
    <ClCompile Include="..\nasm-2.14\rdoff\rdoff.c">
      <Filter>源文件\nasm-2.14\rdoff</Filter>
    </ClCompile>
    <ClCompile Include="..\nasm-2.14\rdoff\segtab.c">
      <Filter>源文件\nasm-2.14\rdoff</Filter>
    </ClCompile>
    <ClCompile Include="..\nasm-2.14\rdoff\symtab.c">
      <Filter>源文件\nasm-2.14\rdoff</Filter>
    </ClCompile>
  </ItemGroup>
</Project>